
Microsoft Visual Studio Solution File, Format Version 12.00
Project("{FAE04EC0-301F-11D3-BF4B-00C04F79EFBC}") = "synonyms-project", "synonyms-project\synonyms-project.csproj", "{884A1A91-8D05-4C1F-BD27-66CA86829591}"
EndProject
Project("{FAE04EC0-301F-11D3-BF4B-00C04F79EFBC}") = "Tests", "Tests\Tests.csproj", "{EF7599B8-0BAB-49B4-B3C5-12759BC4ECD0}"
EndProject
Global
	GlobalSection(SolutionConfigurationPlatforms) = preSolution
		Debug|Any CPU = Debug|Any CPU
		Release|Any CPU = Release|Any CPU
	EndGlobalSection
	GlobalSection(ProjectConfigurationPlatforms) = postSolution
		{884A1A91-8D05-4C1F-BD27-66CA86829591}.Debug|Any CPU.ActiveCfg = Debug|Any CPU
		{884A1A91-8D05-4C1F-BD27-66CA86829591}.Debug|Any CPU.Build.0 = Debug|Any CPU
		{884A1A91-8D05-4C1F-BD27-66CA86829591}.Release|Any CPU.ActiveCfg = Release|Any CPU
		{884A1A91-8D05-4C1F-BD27-66CA86829591}.Release|Any CPU.Build.0 = Release|Any CPU
		{EF7599B8-0BAB-49B4-B3C5-12759BC4ECD0}.Debug|Any CPU.ActiveCfg = Debug|Any CPU
		{EF7599B8-0BAB-49B4-B3C5-12759BC4ECD0}.Debug|Any CPU.Build.0 = Debug|Any CPU
		{EF7599B8-0BAB-49B4-B3C5-12759BC4ECD0}.Release|Any CPU.ActiveCfg = Release|Any CPU
		{EF7599B8-0BAB-49B4-B3C5-12759BC4ECD0}.Release|Any CPU.Build.0 = Release|Any CPU
	EndGlobalSection
EndGlobal
